
Microsoft Visual Studio Solution File, Format Version 12.00
# Visual Studio Version 17
VisualStudioVersion = 17.9.34728.123
MinimumVisualStudioVersion = 10.0.40219.1
Project("{9A19103F-16F7-4668-BE54-9A1E7A4F7556}") = "Server", "Server\Server.csproj", "{582EBE62-A737-4054-BCCB-B35332C370E8}"
EndProject
Project("{FAE04EC0-301F-11D3-BF4B-00C04F79EFBC}") = "Library", "library\Library\Library.csproj", "{CDB4E695-FED9-481D-B636-ADA5106AD844}"
EndProject
Global
	GlobalSection(SolutionConfigurationPlatforms) = preSolution
		Debug|Any CPU = Debug|Any CPU
		Debug|x64 = Debug|x64
		Debug|x86 = Debug|x86
		Release|Any CPU = Release|Any CPU
		Release|x64 = Release|x64
		Release|x86 = Release|x86
	EndGlobalSection
	GlobalSection(ProjectConfigurationPlatforms) = postSolution
		{582EBE62-A737-4054-BCCB-B35332C370E8}.Debug|Any CPU.ActiveCfg = Debug|Any CPU
		{582EBE62-A737-4054-BCCB-B35332C370E8}.Debug|Any CPU.Build.0 = Debug|Any CPU
		{582EBE62-A737-4054-BCCB-B35332C370E8}.Debug|x64.ActiveCfg = Debug|x64
		{582EBE62-A737-4054-BCCB-B35332C370E8}.Debug|x64.Build.0 = Debug|x64
		{582EBE62-A737-4054-BCCB-B35332C370E8}.Debug|x86.ActiveCfg = Debug|x86
		{582EBE62-A737-4054-BCCB-B35332C370E8}.Debug|x86.Build.0 = Debug|x86
		{582EBE62-A737-4054-BCCB-B35332C370E8}.Release|Any CPU.ActiveCfg = Release|Any CPU
		{582EBE62-A737-4054-BCCB-B35332C370E8}.Release|Any CPU.Build.0 = Release|Any CPU
		{582EBE62-A737-4054-BCCB-B35332C370E8}.Release|x64.ActiveCfg = Release|x64
		{582EBE62-A737-4054-BCCB-B35332C370E8}.Release|x64.Build.0 = Release|x64
		{582EBE62-A737-4054-BCCB-B35332C370E8}.Release|x86.ActiveCfg = Release|x86
		{582EBE62-A737-4054-BCCB-B35332C370E8}.Release|x86.Build.0 = Release|x86
		{CDB4E695-FED9-481D-B636-ADA5106AD844}.Debug|Any CPU.ActiveCfg = Debug|x64
		{CDB4E695-FED9-481D-B636-ADA5106AD844}.Debug|Any CPU.Build.0 = Debug|x64
		{CDB4E695-FED9-481D-B636-ADA5106AD844}.Debug|x64.ActiveCfg = Debug|x64
		{CDB4E695-FED9-481D-B636-ADA5106AD844}.Debug|x64.Build.0 = Debug|x64
		{CDB4E695-FED9-481D-B636-ADA5106AD844}.Debug|x86.ActiveCfg = Debug|x86
		{CDB4E695-FED9-481D-B636-ADA5106AD844}.Debug|x86.Build.0 = Debug|x86
		{CDB4E695-FED9-481D-B636-ADA5106AD844}.Release|Any CPU.ActiveCfg = Release|Any CPU
		{CDB4E695-FED9-481D-B636-ADA5106AD844}.Release|Any CPU.Build.0 = Release|Any CPU
		{CDB4E695-FED9-481D-B636-ADA5106AD844}.Release|x64.ActiveCfg = Release|x64
		{CDB4E695-FED9-481D-B636-ADA5106AD844}.Release|x64.Build.0 = Release|x64
		{CDB4E695-FED9-481D-B636-ADA5106AD844}.Release|x86.ActiveCfg = Release|x86
		{CDB4E695-FED9-481D-B636-ADA5106AD844}.Release|x86.Build.0 = Release|x86
	EndGlobalSection
	GlobalSection(SolutionProperties) = preSolution
		HideSolutionNode = FALSE
	EndGlobalSection
	GlobalSection(ExtensibilityGlobals) = postSolution
		SolutionGuid = {0A1E6870-A7CB-4165-960E-81486A3F1A0D}
	EndGlobalSection
EndGlobal
